
Microsoft Visual Studio Solution File, Format Version 12.00
# Visual Studio 15
VisualStudioVersion = 15.0.28010.2046
MinimumVisualStudioVersion = 10.0.40219.1
Project("{FAE04EC0-301F-11D3-BF4B-00C04F79EFBC}") = "Abdullah test", "Abdullah test\Abdullah test.csproj", "{CBB23D6A-657C-4E1A-9F9A-31000B98585B}"
EndProject
Global
	GlobalSection(SolutionConfigurationPlatforms) = preSolution
		Debug|Any CPU = Debug|Any CPU
		Release|Any CPU = Release|Any CPU
	EndGlobalSection
	GlobalSection(ProjectConfigurationPlatforms) = postSolution
		{CBB23D6A-657C-4E1A-9F9A-31000B98585B}.Debug|Any CPU.ActiveCfg = Debug|Any CPU
		{CBB23D6A-657C-4E1A-9F9A-31000B98585B}.Debug|Any CPU.Build.0 = Debug|Any CPU
		{CBB23D6A-657C-4E1A-9F9A-31000B98585B}.Release|Any CPU.ActiveCfg = Release|Any CPU
		{CBB23D6A-657C-4E1A-9F9A-31000B98585B}.Release|Any CPU.Build.0 = Release|Any CPU
	EndGlobalSection
	GlobalSection(SolutionProperties) = preSolution
		HideSolutionNode = FALSE
	EndGlobalSection
	GlobalSection(ExtensibilityGlobals) = postSolution
		SolutionGuid = {FE2BEA89-2296-4923-87B8-51D83CCB788C}
	EndGlobalSection
EndGlobal
